
Microsoft Visual Studio Solution File, Format Version 12.00
# Visual Studio Version 16
VisualStudioVersion = 16.0.29306.81
MinimumVisualStudioVersion = 10.0.40219.1
Project("{FAE04EC0-301F-11D3-BF4B-00C04F79EFBC}") = "SportsHub", "SportsHub\SportsHub.csproj", "{861CA921-B460-4802-9CCD-C69B093EC412}"
EndProject
Global
	GlobalSection(SolutionConfigurationPlatforms) = preSolution
		Debug|Any CPU = Debug|Any CPU
		Release|Any CPU = Release|Any CPU
	EndGlobalSection
	GlobalSection(ProjectConfigurationPlatforms) = postSolution
		{861CA921-B460-4802-9CCD-C69B093EC412}.Debug|Any CPU.ActiveCfg = Debug|Any CPU
		{861CA921-B460-4802-9CCD-C69B093EC412}.Debug|Any CPU.Build.0 = Debug|Any CPU
		{861CA921-B460-4802-9CCD-C69B093EC412}.Release|Any CPU.ActiveCfg = Release|Any CPU
		{861CA921-B460-4802-9CCD-C69B093EC412}.Release|Any CPU.Build.0 = Release|Any CPU
	EndGlobalSection
	GlobalSection(SolutionProperties) = preSolution
		HideSolutionNode = FALSE
	EndGlobalSection
	GlobalSection(ExtensibilityGlobals) = postSolution
		SolutionGuid = {1CF994F0-E8BF-45E2-B5E3-AC2237AD4D63}
	EndGlobalSection
EndGlobal
